
Microsoft Visual Studio Solution File, Format Version 12.00
# Visual Studio Version 17
VisualStudioVersion = 17.5.33414.496
MinimumVisualStudioVersion = 10.0.40219.1
Project("{FAE04EC0-301F-11D3-BF4B-00C04F79EFBC}") = "NoD", "NoD\NoD.csproj", "{CC576BD3-97E7-4E7E-98A7-712E614D8DD5}"
EndProject
Global
	GlobalSection(SolutionConfigurationPlatforms) = preSolution
		Debug|Any CPU = Debug|Any CPU
		Release|Any CPU = Release|Any CPU
	EndGlobalSection
	GlobalSection(ProjectConfigurationPlatforms) = postSolution
		{CC576BD3-97E7-4E7E-98A7-712E614D8DD5}.Debug|Any CPU.ActiveCfg = Debug|Any CPU
		{CC576BD3-97E7-4E7E-98A7-712E614D8DD5}.Debug|Any CPU.Build.0 = Debug|Any CPU
		{CC576BD3-97E7-4E7E-98A7-712E614D8DD5}.Release|Any CPU.ActiveCfg = Release|Any CPU
		{CC576BD3-97E7-4E7E-98A7-712E614D8DD5}.Release|Any CPU.Build.0 = Release|Any CPU
	EndGlobalSection
	GlobalSection(SolutionProperties) = preSolution
		HideSolutionNode = FALSE
	EndGlobalSection
	GlobalSection(ExtensibilityGlobals) = postSolution
		SolutionGuid = {5C32C60C-D84C-4531-A116-5D6544A21CBD}
	EndGlobalSection
EndGlobal
